
Microsoft Visual Studio Solution File, Format Version 11.00
# Visual Studio 2010
# SharpDevelop 4.4
Project("{FAE04EC0-301F-11D3-BF4B-00C04F79EFBC}") = "Graphing", "Graphing\Graphing.csproj", "{5F0539C7-13BA-4BB2-89FE-0497DF190574}"
EndProject
Project("{FAE04EC0-301F-11D3-BF4B-00C04F79EFBC}") = "GraphingTest", "GraphingTest\GraphingTest.csproj", "{C0ACAAE2-A9A9-40BF-B01E-8F9344E2D69F}"
EndProject
Global
	GlobalSection(SolutionConfigurationPlatforms) = preSolution
		Debug|Any CPU = Debug|Any CPU
		Release|Any CPU = Release|Any CPU
	EndGlobalSection
	GlobalSection(ProjectConfigurationPlatforms) = postSolution
		{5F0539C7-13BA-4BB2-89FE-0497DF190574}.Debug|Any CPU.Build.0 = Debug|Any CPU
		{5F0539C7-13BA-4BB2-89FE-0497DF190574}.Debug|Any CPU.ActiveCfg = Debug|Any CPU
		{5F0539C7-13BA-4BB2-89FE-0497DF190574}.Release|Any CPU.Build.0 = Release|Any CPU
		{5F0539C7-13BA-4BB2-89FE-0497DF190574}.Release|Any CPU.ActiveCfg = Release|Any CPU
		{C0ACAAE2-A9A9-40BF-B01E-8F9344E2D69F}.Debug|Any CPU.Build.0 = Debug|Any CPU
		{C0ACAAE2-A9A9-40BF-B01E-8F9344E2D69F}.Debug|Any CPU.ActiveCfg = Debug|Any CPU
		{C0ACAAE2-A9A9-40BF-B01E-8F9344E2D69F}.Release|Any CPU.Build.0 = Release|Any CPU
		{C0ACAAE2-A9A9-40BF-B01E-8F9344E2D69F}.Release|Any CPU.ActiveCfg = Release|Any CPU
	EndGlobalSection
EndGlobal
